
Microsoft Visual Studio Solution File, Format Version 12.00
# Visual Studio Version 16
VisualStudioVersion = 16.0.30621.155
MinimumVisualStudioVersion = 10.0.40219.1
Project("{FAE04EC0-301F-11D3-BF4B-00C04F79EFBC}") = "Genlife_Assesment", "Genlife_Assesment.csproj", "{5852F810-2F18-43B9-98C6-D6C75836A346}"
EndProject
Global
	GlobalSection(SolutionConfigurationPlatforms) = preSolution
		Debug|Any CPU = Debug|Any CPU
		Release|Any CPU = Release|Any CPU
	EndGlobalSection
	GlobalSection(ProjectConfigurationPlatforms) = postSolution
		{5852F810-2F18-43B9-98C6-D6C75836A346}.Debug|Any CPU.ActiveCfg = Debug|Any CPU
		{5852F810-2F18-43B9-98C6-D6C75836A346}.Debug|Any CPU.Build.0 = Debug|Any CPU
		{5852F810-2F18-43B9-98C6-D6C75836A346}.Release|Any CPU.ActiveCfg = Release|Any CPU
		{5852F810-2F18-43B9-98C6-D6C75836A346}.Release|Any CPU.Build.0 = Release|Any CPU
	EndGlobalSection
	GlobalSection(SolutionProperties) = preSolution
		HideSolutionNode = FALSE
	EndGlobalSection
	GlobalSection(ExtensibilityGlobals) = postSolution
		SolutionGuid = {873AF54F-9FD5-4FED-B2D7-2AD6A0B1A5C8}
	EndGlobalSection
EndGlobal
